// !$*UTF8*$!
{
	archiveVersion = 1;
	classes = {
	};
	objectVersion = 46;
	objects = {

/* Begin PBXBuildFile section */
		9A6B8F751BC52FED00B90B61 /* main.m in Sources */ = {isa = PBXBuildFile; fileRef = 9A6B8F741BC52FED00B90B61 /* main.m */; };
		9A6B8F781BC52FED00B90B61 /* AppDelegate.m in Sources */ = {isa = PBXBuildFile; fileRef = 9A6B8F771BC52FED00B90B61 /* AppDelegate.m */; };
		9A6B8F7B1BC52FED00B90B61 /* ViewController.m in Sources */ = {isa = PBXBuildFile; fileRef = 9A6B8F7A1BC52FED00B90B61 /* ViewController.m */; };
		9A6B8F7E1BC52FED00B90B61 /* Main.storyboard in Resources */ = {isa = PBXBuildFile; fileRef = 9A6B8F7C1BC52FED00B90B61 /* Main.storyboard */; };
		9A6B8F801BC52FED00B90B61 /* Assets.xcassets in Resources */ = {isa = PBXBuildFile; fileRef = 9A6B8F7F1BC52FED00B90B61 /* Assets.xcassets */; };
		9A6B8F831BC52FED00B90B61 /* LaunchScreen.storyboard in Resources */ = {isa = PBXBuildFile; fileRef = 9A6B8F811BC52FED00B90B61 /* LaunchScreen.storyboard */; };
		9A6B8F8E1BC52FED00B90B61 /* LoadFromNibProjectTests.m in Sources */ = {isa = PBXBuildFile; fileRef = 9A6B8F8D1BC52FED00B90B61 /* LoadFromNibProjectTests.m */; };
		9A6B8F991BC52FED00B90B61 /* LoadFromNibProjectUITests.m in Sources */ = {isa = PBXBuildFile; fileRef = 9A6B8F981BC52FED00B90B61 /* LoadFromNibProjectUITests.m */; };
		9A6B8FA81BC5301300B90B61 /* UIView+LoadFromNib.m in Sources */ = {isa = PBXBuildFile; fileRef = 9A6B8FA71BC5301300B90B61 /* UIView+LoadFromNib.m */; settings = {ASSET_TAGS = (); }; };
/* End PBXBuildFile section */

/* Begin PBXContainerItemProxy section */
		9A6B8F8A1BC52FED00B90B61 /* PBXContainerItemProxy */ = {
			isa = PBXContainerItemProxy;
			containerPortal = 9A6B8F681BC52FED00B90B61 /* Project object */;
			proxyType = 1;
			remoteGlobalIDString = 9A6B8F6F1BC52FED00B90B61;
			remoteInfo = LoadFromNibProject;
		};
		9A6B8F951BC52FED00B90B61 /* PBXContainerItemProxy */ = {
			isa = PBXContainerItemProxy;
			containerPortal = 9A6B8F681BC52FED00B90B61 /* Project object */;
			proxyType = 1;
			remoteGlobalIDString = 9A6B8F6F1BC52FED00B90B61;
			remoteInfo = LoadFromNibProject;
		};
/* End PBXContainerItemProxy section */

/* Begin PBXFileReference section */
		9A6B8F701BC52FED00B90B61 /* LoadFromNibProject.app */ = {isa = PBXFileReference; explicitFileType = wrapper.application; includeInIndex = 0; path = LoadFromNibProject.app; sourceTree = BUILT_PRODUCTS_DIR; };
		9A6B8F741BC52FED00B90B61 /* main.m */ = {isa = PBXFileReference; lastKnownFileType = sourcecode.c.objc; path = main.m; sourceTree = "<group>"; };
		9A6B8F761BC52FED00B90B61 /* AppDelegate.h */ = {isa = PBXFileReference; lastKnownFileType = sourcecode.c.h; path = AppDelegate.h; sourceTree = "<group>"; };
		9A6B8F771BC52FED00B90B61 /* AppDelegate.m */ = {isa = PBXFileReference; lastKnownFileType = sourcecode.c.objc; path = AppDelegate.m; sourceTree = "<group>"; };
		9A6B8F791BC52FED00B90B61 /* ViewController.h */ = {isa = PBXFileReference; lastKnownFileType = sourcecode.c.h; path = ViewController.h; sourceTree = "<group>"; };
		9A6B8F7A1BC52FED00B90B61 /* ViewController.m */ = {isa = PBXFileReference; lastKnownFileType = sourcecode.c.objc; path = ViewController.m; sourceTree = "<group>"; };
		9A6B8F7D1BC52FED00B90B61 /* Base */ = {isa = PBXFileReference; lastKnownFileType = file.storyboard; name = Base; path = Base.lproj/Main.storyboard; sourceTree = "<group>"; };
		9A6B8F7F1BC52FED00B90B61 /* Assets.xcassets */ = {isa = PBXFileReference; lastKnownFileType = folder.assetcatalog; path = Assets.xcassets; sourceTree = "<group>"; };
		9A6B8F821BC52FED00B90B61 /* Base */ = {isa = PBXFileReference; lastKnownFileType = file.storyboard; name = Base; path = Base.lproj/LaunchScreen.storyboard; sourceTree = "<group>"; };
		9A6B8F841BC52FED00B90B61 /* Info.plist */ = {isa = PBXFileReference; lastKnownFileType = text.plist.xml; path = Info.plist; sourceTree = "<group>"; };
		9A6B8F891BC52FED00B90B61 /* LoadFromNibProjectTests.xctest */ = {isa = PBXFileReference; explicitFileType = wrapper.cfbundle; includeInIndex = 0; path = LoadFromNibProjectTests.xctest; sourceTree = BUILT_PRODUCTS_DIR; };
		9A6B8F8D1BC52FED00B90B61 /* LoadFromNibProjectTests.m */ = {isa = PBXFileReference; lastKnownFileType = sourcecode.c.objc; path = LoadFromNibProjectTests.m; sourceTree = "<group>"; };
		9A6B8F8F1BC52FED00B90B61 /* Info.plist */ = {isa = PBXFileReference; lastKnownFileType = text.plist.xml; path = Info.plist; sourceTree = "<group>"; };
		9A6B8F941BC52FED00B90B61 /* LoadFromNibProjectUITests.xctest */ = {isa = PBXFileReference; explicitFileType = wrapper.cfbundle; includeInIndex = 0; path = LoadFromNibProjectUITests.xctest; sourceTree = BUILT_PRODUCTS_DIR; };
		9A6B8F981BC52FED00B90B61 /* LoadFromNibProjectUITests.m */ = {isa = PBXFileReference; lastKnownFileType = sourcecode.c.objc; path = LoadFromNibProjectUITests.m; sourceTree = "<group>"; };
		9A6B8F9A1BC52FED00B90B61 /* Info.plist */ = {isa = PBXFileReference; lastKnownFileType = text.plist.xml; path = Info.plist; sourceTree = "<group>"; };
		9A6B8FA61BC5301300B90B61 /* UIView+LoadFromNib.h */ = {isa = PBXFileReference; fileEncoding = 4; lastKnownFileType = sourcecode.c.h; name = "UIView+LoadFromNib.h"; path = "Lib/UIView+LoadFromNib.h"; sourceTree = "<group>"; };
		9A6B8FA71BC5301300B90B61 /* UIView+LoadFromNib.m */ = {isa = PBXFileReference; fileEncoding = 4; lastKnownFileType = sourcecode.c.objc; name = "UIView+LoadFromNib.m"; path = "Lib/UIView+LoadFromNib.m"; sourceTree = "<group>"; };
/* End PBXFileReference section */

/* Begin PBXFrameworksBuildPhase section */
		9A6B8F6D1BC52FED00B90B61 /* Frameworks */ = {
			isa = PBXFrameworksBuildPhase;
			buildActionMask = 2147483647;
			files = (
			);
			runOnlyForDeploymentPostprocessing = 0;
		};
		9A6B8F861BC52FED00B90B61 /* Frameworks */ = {
			isa = PBXFrameworksBuildPhase;
			buildActionMask = 2147483647;
			files = (
			);
			runOnlyForDeploymentPostprocessing = 0;
		};
		9A6B8F911BC52FED00B90B61 /* Frameworks */ = {
			isa = PBXFrameworksBuildPhase;
			buildActionMask = 2147483647;
			files = (
			);
			runOnlyForDeploymentPostprocessing = 0;
		};
/* End PBXFrameworksBuildPhase section */

/* Begin PBXGroup section */
		9A6B8F671BC52FED00B90B61 = {
			isa = PBXGroup;
			children = (
				9A6B8F721BC52FED00B90B61 /* LoadFromNibProject */,
				9A6B8F8C1BC52FED00B90B61 /* LoadFromNibProjectTests */,
				9A6B8F971BC52FED00B90B61 /* LoadFromNibProjectUITests */,
				9A6B8F711BC52FED00B90B61 /* Products */,
			);
			sourceTree = "<group>";
		};
		9A6B8F711BC52FED00B90B61 /* Products */ = {
			isa = PBXGroup;
			children = (
				9A6B8F701BC52FED00B90B61 /* LoadFromNibProject.app */,
				9A6B8F891BC52FED00B90B61 /* LoadFromNibProjectTests.xctest */,
				9A6B8F941BC52FED00B90B61 /* LoadFromNibProjectUITests.xctest */,
			);
			name = Products;
			sourceTree = "<group>";
		};
		9A6B8F721BC52FED00B90B61 /* LoadFromNibProject */ = {
			isa = PBXGroup;
			children = (
				9A6B8FA91BC5301800B90B61 /* Lib */,
				9A6B8F761BC52FED00B90B61 /* AppDelegate.h */,
				9A6B8F771BC52FED00B90B61 /* AppDelegate.m */,
				9A6B8F791BC52FED00B90B61 /* ViewController.h */,
				9A6B8F7A1BC52FED00B90B61 /* ViewController.m */,
				9A6B8F7C1BC52FED00B90B61 /* Main.storyboard */,
				9A6B8F7F1BC52FED00B90B61 /* Assets.xcassets */,
				9A6B8F811BC52FED00B90B61 /* LaunchScreen.storyboard */,
				9A6B8F841BC52FED00B90B61 /* Info.plist */,
				9A6B8F731BC52FED00B90B61 /* Supporting Files */,
			);
			path = LoadFromNibProject;
			sourceTree = "<group>";
		};
		9A6B8F731BC52FED00B90B61 /* Supporting Files */ = {
			isa = PBXGroup;
			children = (
				9A6B8F741BC52FED00B90B61 /* main.m */,
			);
			name = "Supporting Files";
			sourceTree = "<group>";
		};
		9A6B8F8C1BC52FED00B90B61 /* LoadFromNibProjectTests */ = {
			isa = PBXGroup;
			children = (
				9A6B8F8D1BC52FED00B90B61 /* LoadFromNibProjectTests.m */,
				9A6B8F8F1BC52FED00B90B61 /* Info.plist */,
			);
			path = LoadFromNibProjectTests;
			sourceTree = "<group>";
		};
		9A6B8F971BC52FED00B90B61 /* LoadFromNibProjectUITests */ = {
			isa = PBXGroup;
			children = (
				9A6B8F981BC52FED00B90B61 /* LoadFromNibProjectUITests.m */,
				9A6B8F9A1BC52FED00B90B61 /* Info.plist */,
			);
			path = LoadFromNibProjectUITests;
			sourceTree = "<group>";
		};
		9A6B8FA91BC5301800B90B61 /* Lib */ = {
			isa = PBXGroup;
			children = (
				9A6B8FA61BC5301300B90B61 /* UIView+LoadFromNib.h */,
				9A6B8FA71BC5301300B90B61 /* UIView+LoadFromNib.m */,
			);
			name = Lib;
			sourceTree = "<group>";
		};
/* End PBXGroup section */

/* Begin PBXNativeTarget section */
		9A6B8F6F1BC52FED00B90B61 /* LoadFromNibProject */ = {
			isa = PBXNativeTarget;
			buildConfigurationList = 9A6B8F9D1BC52FED00B90B61 /* Build configuration list for PBXNativeTarget "LoadFromNibProject" */;
			buildPhases = (
				9A6B8F6C1BC52FED00B90B61 /* Sources */,
				9A6B8F6D1BC52FED00B90B61 /* Frameworks */,
				9A6B8F6E1BC52FED00B90B61 /* Resources */,
			);
			buildRules = (
			);
			dependencies = (
			);
			name = LoadFromNibProject;
			productName = LoadFromNibProject;
			productReference = 9A6B8F701BC52FED00B90B61 /* LoadFromNibProject.app */;
			productType = "com.apple.product-type.application";
		};
		9A6B8F881BC52FED00B90B61 /* LoadFromNibProjectTests */ = {
			isa = PBXNativeTarget;
			buildConfigurationList = 9A6B8FA01BC52FED00B90B61 /* Build configuration list for PBXNativeTarget "LoadFromNibProjectTests" */;
			buildPhases = (
				9A6B8F851BC52FED00B90B61 /* Sources */,
				9A6B8F861BC52FED00B90B61 /* Frameworks */,
				9A6B8F871BC52FED00B90B61 /* Resources */,
			);
			buildRules = (
			);
			dependencies = (
				9A6B8F8B1BC52FED00B90B61 /* PBXTargetDependency */,
			);
			name = LoadFromNibProjectTests;
			productName = LoadFromNibProjectTests;
			productReference = 9A6B8F891BC52FED00B90B61 /* LoadFromNibProjectTests.xctest */;
			productType = "com.apple.product-type.bundle.unit-test";
		};
		9A6B8F931BC52FED00B90B61 /* LoadFromNibProjectUITests */ = {
			isa = PBXNativeTarget;
			buildConfigurationList = 9A6B8FA31BC52FED00B90B61 /* Build configuration list for PBXNativeTarget "LoadFromNibProjectUITests" */;
			buildPhases = (
				9A6B8F901BC52FED00B90B61 /* Sources */,
				9A6B8F911BC52FED00B90B61 /* Frameworks */,
				9A6B8F921BC52FED00B90B61 /* Resources */,
			);
			buildRules = (
			);
			dependencies = (
				9A6B8F961BC52FED00B90B61 /* PBXTargetDependency */,
			);
			name = LoadFromNibProjectUITests;
			productName = LoadFromNibProjectUITests;
			productReference = 9A6B8F941BC52FED00B90B61 /* LoadFromNibProjectUITests.xctest */;
			productType = "com.apple.product-type.bundle.ui-testing";
		};
/* End PBXNativeTarget section */

/* Begin PBXProject section */
		9A6B8F681BC52FED00B90B61 /* Project object */ = {
			isa = PBXProject;
			attributes = {
				LastUpgradeCheck = 0700;
				ORGANIZATIONNAME = "Ersen Tekin";
				TargetAttributes = {
					9A6B8F6F1BC52FED00B90B61 = {
						CreatedOnToolsVersion = 7.0.1;
					};
					9A6B8F881BC52FED00B90B61 = {
						CreatedOnToolsVersion = 7.0.1;
						TestTargetID = 9A6B8F6F1BC52FED00B90B61;
					};
					9A6B8F931BC52FED00B90B61 = {
						CreatedOnToolsVersion = 7.0.1;
						TestTargetID = 9A6B8F6F1BC52FED00B90B61;
					};
				};
			};
			buildConfigurationList = 9A6B8F6B1BC52FED00B90B61 /* Build configuration list for PBXProject "LoadFromNibProject" */;
			compatibilityVersion = "Xcode 3.2";
			developmentRegion = English;
			hasScannedForEncodings = 0;
			knownRegions = (
				en,
				Base,
			);
			mainGroup = 9A6B8F671BC52FED00B90B61;
			productRefGroup = 9A6B8F711BC52FED00B90B61 /* Products */;
			projectDirPath = "";
			projectRoot = "";
			targets = (
				9A6B8F6F1BC52FED00B90B61 /* LoadFromNibProject */,
				9A6B8F881BC52FED00B90B61 /* LoadFromNibProjectTests */,
				9A6B8F931BC52FED00B90B61 /* LoadFromNibProjectUITests */,
			);
		};
/* End PBXProject section */

/* Begin PBXResourcesBuildPhase section */
		9A6B8F6E1BC52FED00B90B61 /* Resources */ = {
			isa = PBXResourcesBuildPhase;
			buildActionMask = 2147483647;
			files = (
				9A6B8F831BC52FED00B90B61 /* LaunchScreen.storyboard in Resources */,
				9A6B8F801BC52FED00B90B61 /* Assets.xcassets in Resources */,
				9A6B8F7E1BC52FED00B90B61 /* Main.storyboard in Resources */,
			);
			runOnlyForDeploymentPostprocessing = 0;
		};
		9A6B8F871BC52FED00B90B61 /* Resources */ = {
			isa = PBXResourcesBuildPhase;
			buildActionMask = 2147483647;
			files = (
			);
			runOnlyForDeploymentPostprocessing = 0;
		};
		9A6B8F921BC52FED00B90B61 /* Resources */ = {
			isa = PBXResourcesBuildPhase;
			buildActionMask = 2147483647;
			files = (
			);
			runOnlyForDeploymentPostprocessing = 0;
		};
/* End PBXResourcesBuildPhase section */

/* Begin PBXSourcesBuildPhase section */
		9A6B8F6C1BC52FED00B90B61 /* Sources */ = {
			isa = PBXSourcesBuildPhase;
			buildActionMask = 2147483647;
			files = (
				9A6B8FA81BC5301300B90B61 /* UIView+LoadFromNib.m in Sources */,
				9A6B8F7B1BC52FED00B90B61 /* ViewController.m in Sources */,
				9A6B8F781BC52FED00B90B61 /* AppDelegate.m in Sources */,
				9A6B8F751BC52FED00B90B61 /* main.m in Sources */,
			);
			runOnlyForDeploymentPostprocessing = 0;
		};
		9A6B8F851BC52FED00B90B61 /* Sources */ = {
			isa = PBXSourcesBuildPhase;
			buildActionMask = 2147483647;
			files = (
				9A6B8F8E1BC52FED00B90B61 /* LoadFromNibProjectTests.m in Sources */,
			);
			runOnlyForDeploymentPostprocessing = 0;
		};
		9A6B8F901BC52FED00B90B61 /* Sources */ = {
			isa = PBXSourcesBuildPhase;
			buildActionMask = 2147483647;
			files = (
				9A6B8F991BC52FED00B90B61 /* LoadFromNibProjectUITests.m in Sources */,
			);
			runOnlyForDeploymentPostprocessing = 0;
		};
/* End PBXSourcesBuildPhase section */

/* Begin PBXTargetDependency section */
		9A6B8F8B1BC52FED00B90B61 /* PBXTargetDependency */ = {
			isa = PBXTargetDependency;
			target = 9A6B8F6F1BC52FED00B90B61 /* LoadFromNibProject */;
			targetProxy = 9A6B8F8A1BC52FED00B90B61 /* PBXContainerItemProxy */;
		};
		9A6B8F961BC52FED00B90B61 /* PBXTargetDependency */ = {
			isa = PBXTargetDependency;
			target = 9A6B8F6F1BC52FED00B90B61 /* LoadFromNibProject */;
			targetProxy = 9A6B8F951BC52FED00B90B61 /* PBXContainerItemProxy */;
		};
/* End PBXTargetDependency section */

/* Begin PBXVariantGroup section */
		9A6B8F7C1BC52FED00B90B61 /* Main.storyboard */ = {
			isa = PBXVariantGroup;
			children = (
				9A6B8F7D1BC52FED00B90B61 /* Base */,
			);
			name = Main.storyboard;
			sourceTree = "<group>";
		};
		9A6B8F811BC52FED00B90B61 /* LaunchScreen.storyboard */ = {
			isa = PBXVariantGroup;
			children = (
				9A6B8F821BC52FED00B90B61 /* Base */,
			);
			name = LaunchScreen.storyboard;
			sourceTree = "<group>";
		};
/* End PBXVariantGroup section */

/* Begin XCBuildConfiguration section */
		9A6B8F9B1BC52FED00B90B61 /* Debug */ = {
			isa = XCBuildConfiguration;
			buildSettings = {
				ALWAYS_SEARCH_USER_PATHS = NO;
				CLANG_CXX_LANGUAGE_STANDARD = "gnu++0x";
				CLANG_CXX_LIBRARY = "libc++";
				CLANG_ENABLE_MODULES = YES;
				CLANG_ENABLE_OBJC_ARC = YES;
				CLANG_WARN_BOOL_CONVERSION = YES;
				CLANG_WARN_CONSTANT_CONVERSION = YES;
				CLANG_WARN_DIRECT_OBJC_ISA_USAGE = YES_ERROR;
				CLANG_WARN_EMPTY_BODY = YES;
				CLANG_WARN_ENUM_CONVERSION = YES;
				CLANG_WARN_INT_CONVERSION = YES;
				CLANG_WARN_OBJC_ROOT_CLASS = YES_ERROR;
				CLANG_WARN_UNREACHABLE_CODE = YES;
				CLANG_WARN__DUPLICATE_METHOD_MATCH = YES;
				"CODE_SIGN_IDENTITY[sdk=iphoneos*]" = "iPhone Developer";
				COPY_PHASE_STRIP = NO;
				DEBUG_INFORMATION_FORMAT = dwarf;
				ENABLE_STRICT_OBJC_MSGSEND = YES;
				ENABLE_TESTABILITY = YES;
				GCC_C_LANGUAGE_STANDARD = gnu99;
				GCC_DYNAMIC_NO_PIC = NO;
				GCC_NO_COMMON_BLOCKS = YES;
				GCC_OPTIMIZATION_LEVEL = 0;
				GCC_PREPROCESSOR_DEFINITIONS = (
					"DEBUG=1",
					"$(inherited)",
				);
				GCC_WARN_64_TO_32_BIT_CONVERSION = YES;
				GCC_WARN_ABOUT_RETURN_TYPE = YES_ERROR;
				GCC_WARN_UNDECLARED_SELECTOR = YES;
				GCC_WARN_UNINITIALIZED_AUTOS = YES_AGGRESSIVE;
				GCC_WARN_UNUSED_FUNCTION = YES;
				GCC_WARN_UNUSED_VARIABLE = YES;
				IPHONEOS_DEPLOYMENT_TARGET = 9.0;
				MTL_ENABLE_DEBUG_INFO = YES;
				ONLY_ACTIVE_ARCH = YES;
				SDKROOT = iphoneos;
				TARGETED_DEVICE_FAMILY = "1,2";
			};
			name = Debug;
		};
		9A6B8F9C1BC52FED00B90B61 /* Release */ = {
			isa = XCBuildConfiguration;
			buildSettings = {
				ALWAYS_SEARCH_USER_PATHS = NO;
				CLANG_CXX_LANGUAGE_STANDARD = "gnu++0x";
				CLANG_CXX_LIBRARY = "libc++";
				CLANG_ENABLE_MODULES = YES;
				CLANG_ENABLE_OBJC_ARC = YES;
				CLANG_WARN_BOOL_CONVERSION = YES;
				CLANG_WARN_CONSTANT_CONVERSION = YES;
				CLANG_WARN_DIRECT_OBJC_ISA_USAGE = YES_ERROR;
				CLANG_WARN_EMPTY_BODY = YES;
				CLANG_WARN_ENUM_CONVERSION = YES;
				CLANG_WARN_INT_CONVERSION = YES;
				CLANG_WARN_OBJC_ROOT_CLASS = YES_ERROR;
				CLANG_WARN_UNREACHABLE_CODE = YES;
				CLANG_WARN__DUPLICATE_METHOD_MATCH = YES;
				"CODE_SIGN_IDENTITY[sdk=iphoneos*]" = "iPhone Developer";
				COPY_PHASE_STRIP = NO;
				DEBUG_INFORMATION_FORMAT = "dwarf-with-dsym";
				ENABLE_NS_ASSERTIONS = NO;
				ENABLE_STRICT_OBJC_MSGSEND = YES;
				GCC_C_LANGUAGE_STANDARD = gnu99;
				GCC_NO_COMMON_BLOCKS = YES;
				GCC_WARN_64_TO_32_BIT_CONVERSION = YES;
				GCC_WARN_ABOUT_RETURN_TYPE = YES_ERROR;
				GCC_WARN_UNDECLARED_SELECTOR = YES;
				GCC_WARN_UNINITIALIZED_AUTOS = YES_AGGRESSIVE;
				GCC_WARN_UNUSED_FUNCTION = YES;
				GCC_WARN_UNUSED_VARIABLE = YES;
				IPHONEOS_DEPLOYMENT_TARGET = 9.0;
				MTL_ENABLE_DEBUG_INFO = NO;
				SDKROOT = iphoneos;
				TARGETED_DEVICE_FAMILY = "1,2";
				VALIDATE_PRODUCT = YES;
			};
			name = Release;
		};
		9A6B8F9E1BC52FED00B90B61 /* Debug */ = {
			isa = XCBuildConfiguration;
			buildSettings = {
				ASSETCATALOG_COMPILER_APPICON_NAME = AppIcon;
				INFOPLIST_FILE = LoadFromNibProject/Info.plist;
				LD_RUNPATH_SEARCH_PATHS = "$(inherited) @executable_path/Frameworks";
				PRODUCT_BUNDLE_IDENTIFIER = com.killerapps.LoadFromNibProject;
				PRODUCT_NAME = "$(TARGET_NAME)";
			};
			name = Debug;
		};
		9A6B8F9F1BC52FED00B90B61 /* Release */ = {
			isa = XCBuildConfiguration;
			buildSettings = {
				ASSETCATALOG_COMPILER_APPICON_NAME = AppIcon;
				INFOPLIST_FILE = LoadFromNibProject/Info.plist;
				LD_RUNPATH_SEARCH_PATHS = "$(inherited) @executable_path/Frameworks";
				PRODUCT_BUNDLE_IDENTIFIER = com.killerapps.LoadFromNibProject;
				PRODUCT_NAME = "$(TARGET_NAME)";
			};
			name = Release;
		};
		9A6B8FA11BC52FED00B90B61 /* Debug */ = {
			isa = XCBuildConfiguration;
			buildSettings = {
				BUNDLE_LOADER = "$(TEST_HOST)";
				INFOPLIST_FILE = LoadFromNibProjectTests/Info.plist;
				LD_RUNPATH_SEARCH_PATHS = "$(inherited) @executable_path/Frameworks @loader_path/Frameworks";
				PRODUCT_BUNDLE_IDENTIFIER = com.killerapps.LoadFromNibProjectTests;
				PRODUCT_NAME = "$(TARGET_NAME)";
				TEST_HOST = "$(BUILT_PRODUCTS_DIR)/LoadFromNibProject.app/LoadFromNibProject";
			};
			name = Debug;
		};
		9A6B8FA21BC52FED00B90B61 /* Release */ = {
			isa = XCBuildConfiguration;
			buildSettings = {
				BUNDLE_LOADER = "$(TEST_HOST)";
				INFOPLIST_FILE = LoadFromNibProjectTests/Info.plist;
				LD_RUNPATH_SEARCH_PATHS = "$(inherited) @executable_path/Frameworks @loader_path/Frameworks";
				PRODUCT_BUNDLE_IDENTIFIER = com.killerapps.LoadFromNibProjectTests;
				PRODUCT_NAME = "$(TARGET_NAME)";
				TEST_HOST = "$(BUILT_PRODUCTS_DIR)/LoadFromNibProject.app/LoadFromNibProject";
			};
			name = Release;
		};
		9A6B8FA41BC52FED00B90B61 /* Debug */ = {
			isa = XCBuildConfiguration;
			buildSettings = {
				INFOPLIST_FILE = LoadFromNibProjectUITests/Info.plist;
				LD_RUNPATH_SEARCH_PATHS = "$(inherited) @executable_path/Frameworks @loader_path/Frameworks";
				PRODUCT_BUNDLE_IDENTIFIER = com.killerapps.LoadFromNibProjectUITests;
				PRODUCT_NAME = "$(TARGET_NAME)";
				TEST_TARGET_NAME = LoadFromNibProject;
				USES_XCTRUNNER = YES;
			};
			name = Debug;
		};
		9A6B8FA51BC52FED00B90B61 /* Release */ = {
			isa = XCBuildConfiguration;
			buildSettings = {
				INFOPLIST_FILE = LoadFromNibProjectUITests/Info.plist;
				LD_RUNPATH_SEARCH_PATHS = "$(inherited) @executable_path/Frameworks @loader_path/Frameworks";
				PRODUCT_BUNDLE_IDENTIFIER = com.killerapps.LoadFromNibProjectUITests;
				PRODUCT_NAME = "$(TARGET_NAME)";
				TEST_TARGET_NAME = LoadFromNibProject;
				USES_XCTRUNNER = YES;
			};
			name = Release;
		};
/* End XCBuildConfiguration section */

/* Begin XCConfigurationList section */
		9A6B8F6B1BC52FED00B90B61 /* Build configuration list for PBXProject "LoadFromNibProject" */ = {
			isa = XCConfigurationList;
			buildConfigurations = (
				9A6B8F9B1BC52FED00B90B61 /* Debug */,
				9A6B8F9C1BC52FED00B90B61 /* Release */,
			);
			defaultConfigurationIsVisible = 0;
			defaultConfigurationName = Release;
		};
		9A6B8F9D1BC52FED00B90B61 /* Build configuration list for PBXNativeTarget "LoadFromNibProject" */ = {
			isa = XCConfigurationList;
			buildConfigurations = (
				9A6B8F9E1BC52FED00B90B61 /* Debug */,
				9A6B8F9F1BC52FED00B90B61 /* Release */,
			);
			defaultConfigurationIsVisible = 0;
		};
		9A6B8FA01BC52FED00B90B61 /* Build configuration list for PBXNativeTarget "LoadFromNibProjectTests" */ = {
			isa = XCConfigurationList;
			buildConfigurations = (
				9A6B8FA11BC52FED00B90B61 /* Debug */,
				9A6B8FA21BC52FED00B90B61 /* Release */,
			);
			defaultConfigurationIsVisible = 0;
		};
		9A6B8FA31BC52FED00B90B61 /* Build configuration list for PBXNativeTarget "LoadFromNibProjectUITests" */ = {
			isa = XCConfigurationList;
			buildConfigurations = (
				9A6B8FA41BC52FED00B90B61 /* Debug */,
				9A6B8FA51BC52FED00B90B61 /* Release */,
			);
			defaultConfigurationIsVisible = 0;
		};
/* End XCConfigurationList section */
	};
	rootObject = 9A6B8F681BC52FED00B90B61 /* Project object */;
}
